
Microsoft Visual Studio Solution File, Format Version 12.00
# Visual Studio 14
VisualStudioVersion = 14.0.25123.0
MinimumVisualStudioVersion = 10.0.40219.1
Project("{FAE04EC0-301F-11D3-BF4B-00C04F79EFBC}") = "ElectricityMeterReaderService", "ElectricityMeterReaderService\ElectricityMeterReaderService.csproj", "{0B539BBF-2051-4CB0-A7E3-49E15C9BC176}"
EndProject
Project("{FAE04EC0-301F-11D3-BF4B-00C04F79EFBC}") = "DataStorage", "DataStorage\DataStorage.csproj", "{9F7517BF-CD6D-4225-BEDD-F3857CA0665D}"
EndProject
Project("{FAE04EC0-301F-11D3-BF4B-00C04F79EFBC}") = "ElMeInterfaces", "ElMeInterfaces\ElMeInterfaces.csproj", "{D4B1E7EC-ABA2-44B6-A51F-FAB675D1929C}"
EndProject
Global
	GlobalSection(SolutionConfigurationPlatforms) = preSolution
		Debug|Any CPU = Debug|Any CPU
		Release|Any CPU = Release|Any CPU
	EndGlobalSection
	GlobalSection(ProjectConfigurationPlatforms) = postSolution
		{0B539BBF-2051-4CB0-A7E3-49E15C9BC176}.Debug|Any CPU.ActiveCfg = Debug|Any CPU
		{0B539BBF-2051-4CB0-A7E3-49E15C9BC176}.Debug|Any CPU.Build.0 = Debug|Any CPU
		{0B539BBF-2051-4CB0-A7E3-49E15C9BC176}.Release|Any CPU.ActiveCfg = Release|Any CPU
		{0B539BBF-2051-4CB0-A7E3-49E15C9BC176}.Release|Any CPU.Build.0 = Release|Any CPU
		{9F7517BF-CD6D-4225-BEDD-F3857CA0665D}.Debug|Any CPU.ActiveCfg = Debug|Any CPU
		{9F7517BF-CD6D-4225-BEDD-F3857CA0665D}.Debug|Any CPU.Build.0 = Debug|Any CPU
		{9F7517BF-CD6D-4225-BEDD-F3857CA0665D}.Release|Any CPU.ActiveCfg = Release|Any CPU
		{9F7517BF-CD6D-4225-BEDD-F3857CA0665D}.Release|Any CPU.Build.0 = Release|Any CPU
		{D4B1E7EC-ABA2-44B6-A51F-FAB675D1929C}.Debug|Any CPU.ActiveCfg = Debug|Any CPU
		{D4B1E7EC-ABA2-44B6-A51F-FAB675D1929C}.Debug|Any CPU.Build.0 = Debug|Any CPU
		{D4B1E7EC-ABA2-44B6-A51F-FAB675D1929C}.Release|Any CPU.ActiveCfg = Release|Any CPU
		{D4B1E7EC-ABA2-44B6-A51F-FAB675D1929C}.Release|Any CPU.Build.0 = Release|Any CPU
	EndGlobalSection
	GlobalSection(SolutionProperties) = preSolution
		HideSolutionNode = FALSE
	EndGlobalSection
EndGlobal
